
Microsoft Visual Studio Solution File, Format Version 12.00
# Visual Studio Version 17
VisualStudioVersion = 17.14.37314.3
MinimumVisualStudioVersion = 10.0.40219.1
Project("{FAE04EC0-301F-11D3-BF4B-00C04F79EFBC}") = "ClassLibrary", "ClassLibrary\ClassLibrary.csproj", "{09713094-19EB-43E0-97E8-7093EC7F3F04}"
EndProject
Project("{2150E333-8FDC-42A3-9474-1A3956D46DE8}") = "Interfaces", "Interfaces", "{02EA681E-C7D8-13C7-8484-4AC65E1B71E8}"
EndProject
Project("{FAE04EC0-301F-11D3-BF4B-00C04F79EFBC}") = "Interfaces", "Interfaces\Interfaces.csproj", "{816256D4-F430-444F-B022-33DDAEBD3842}"
EndProject
Global
	GlobalSection(SolutionConfigurationPlatforms) = preSolution
		Debug|Any CPU = Debug|Any CPU
		Release|Any CPU = Release|Any CPU
	EndGlobalSection
	GlobalSection(ProjectConfigurationPlatforms) = postSolution
		{09713094-19EB-43E0-97E8-7093EC7F3F04}.Debug|Any CPU.ActiveCfg = Debug|Any CPU
		{09713094-19EB-43E0-97E8-7093EC7F3F04}.Debug|Any CPU.Build.0 = Debug|Any CPU
		{09713094-19EB-43E0-97E8-7093EC7F3F04}.Release|Any CPU.ActiveCfg = Release|Any CPU
		{09713094-19EB-43E0-97E8-7093EC7F3F04}.Release|Any CPU.Build.0 = Release|Any CPU
		{816256D4-F430-444F-B022-33DDAEBD3842}.Debug|Any CPU.ActiveCfg = Debug|Any CPU
		{816256D4-F430-444F-B022-33DDAEBD3842}.Debug|Any CPU.Build.0 = Debug|Any CPU
		{816256D4-F430-444F-B022-33DDAEBD3842}.Release|Any CPU.ActiveCfg = Release|Any CPU
		{816256D4-F430-444F-B022-33DDAEBD3842}.Release|Any CPU.Build.0 = Release|Any CPU
	EndGlobalSection
	GlobalSection(SolutionProperties) = preSolution
		HideSolutionNode = FALSE
	EndGlobalSection
	GlobalSection(NestedProjects) = preSolution
		{816256D4-F430-444F-B022-33DDAEBD3842} = {02EA681E-C7D8-13C7-8484-4AC65E1B71E8}
	EndGlobalSection
	GlobalSection(ExtensibilityGlobals) = postSolution
		SolutionGuid = {DCE2BB94-0F86-4EF8-8DD8-5130F6FD2DFF}
	EndGlobalSection
EndGlobal
